
Microsoft Visual Studio Solution File, Format Version 12.00
# Visual Studio 15
VisualStudioVersion = 15.0.27130.2010
MinimumVisualStudioVersion = 10.0.40219.1
Project("{FAE04EC0-301F-11D3-BF4B-00C04F79EFBC}") = "Core", "Core\Core.csproj", "{5F301232-4836-4B5B-925E-ED5EB0269145}"
EndProject
Project("{2150E333-8FDC-42A3-9474-1A3956D46DE8}") = "UI", "UI", "{E95D7036-EFD0-4AB8-A17F-19E67441250B}"
EndProject
Project("{FAE04EC0-301F-11D3-BF4B-00C04F79EFBC}") = "Console", "UI\Console\Console.csproj", "{BEF6826E-6FBF-470D-A3DF-D30E0C951460}"
	ProjectSection(ProjectDependencies) = postProject
		{5F301232-4836-4B5B-925E-ED5EB0269145} = {5F301232-4836-4B5B-925E-ED5EB0269145}
	EndProjectSection
EndProject
Project("{2150E333-8FDC-42A3-9474-1A3956D46DE8}") = "Controller", "Controller", "{1B79EDEE-E8BD-4C15-9B1E-0EB653E2F1B8}"
EndProject
Project("{9A19103F-16F7-4668-BE54-9A1E7A4F7556}") = "Arduino", "Controller\Arduino\Arduino.csproj", "{1A5C9C12-068D-48B5-AD92-D904DFAC5216}"
EndProject
Project("{9A19103F-16F7-4668-BE54-9A1E7A4F7556}") = "RaspberryPI", "Controller\RaspberryPI\RaspberryPI.csproj", "{AF185403-5C57-4331-85B7-FD40BB7F3C12}"
EndProject
Project("{9A19103F-16F7-4668-BE54-9A1E7A4F7556}") = "Simulator", "Controller\Simulator\Simulator.csproj", "{ECBD1ECA-B026-41A7-ADF4-68CA735D8570}"
EndProject
Project("{FAE04EC0-301F-11D3-BF4B-00C04F79EFBC}") = "Win10", "UI\Win10\Win10.csproj", "{2701F166-34F4-4A16-858B-4099E473FE77}"
	ProjectSection(ProjectDependencies) = postProject
		{8376216C-282A-4927-B9EF-C2D545FE0BCA} = {8376216C-282A-4927-B9EF-C2D545FE0BCA}
		{5A8B1BB1-7CD5-47C4-A1F7-D7BCF5FACAD1} = {5A8B1BB1-7CD5-47C4-A1F7-D7BCF5FACAD1}
		{F0A53BC9-C617-47DD-8B68-F91E3502D633} = {F0A53BC9-C617-47DD-8B68-F91E3502D633}
	EndProjectSection
EndProject
Project("{8BC9CEB8-8B4A-11D0-8D11-00A0C91BC942}") = "Microsoft.Maker.Serial", "..\remote-wiring-experience\remote-wiring\source\Serial\Microsoft.Maker.Serial.win10\Microsoft.Maker.Serial.vcxproj", "{8376216C-282A-4927-B9EF-C2D545FE0BCA}"
EndProject
Project("{8BC9CEB8-8B4A-11D0-8D11-00A0C91BC942}") = "Microsoft.Maker.Firmata", "..\remote-wiring-experience\remote-wiring\Microsoft.Maker.win10\Microsoft.Maker.Firmata\Microsoft.Maker.Firmata.vcxproj", "{F0A53BC9-C617-47DD-8B68-F91E3502D633}"
EndProject
Project("{8BC9CEB8-8B4A-11D0-8D11-00A0C91BC942}") = "Microsoft.Maker.RemoteWiring", "..\remote-wiring-experience\remote-wiring\Microsoft.Maker.win10\Microsoft.Maker.RemoteWiring\Microsoft.Maker.RemoteWiring.vcxproj", "{5A8B1BB1-7CD5-47C4-A1F7-D7BCF5FACAD1}"
EndProject
Global
	GlobalSection(SolutionConfigurationPlatforms) = preSolution
		Debug|Any CPU = Debug|Any CPU
		Debug|ARM = Debug|ARM
		Debug|x64 = Debug|x64
		Debug|x86 = Debug|x86
		Release|Any CPU = Release|Any CPU
		Release|ARM = Release|ARM
		Release|x64 = Release|x64
		Release|x86 = Release|x86
	EndGlobalSection
	GlobalSection(ProjectConfigurationPlatforms) = postSolution
		{5F301232-4836-4B5B-925E-ED5EB0269145}.Debug|Any CPU.ActiveCfg = Debug|Any CPU
		{5F301232-4836-4B5B-925E-ED5EB0269145}.Debug|Any CPU.Build.0 = Debug|Any CPU
		{5F301232-4836-4B5B-925E-ED5EB0269145}.Debug|ARM.ActiveCfg = Debug|Any CPU
		{5F301232-4836-4B5B-925E-ED5EB0269145}.Debug|ARM.Build.0 = Debug|Any CPU
		{5F301232-4836-4B5B-925E-ED5EB0269145}.Debug|x64.ActiveCfg = Debug|Any CPU
		{5F301232-4836-4B5B-925E-ED5EB0269145}.Debug|x64.Build.0 = Debug|Any CPU
		{5F301232-4836-4B5B-925E-ED5EB0269145}.Debug|x86.ActiveCfg = Debug|Any CPU
		{5F301232-4836-4B5B-925E-ED5EB0269145}.Debug|x86.Build.0 = Debug|Any CPU
		{5F301232-4836-4B5B-925E-ED5EB0269145}.Release|Any CPU.ActiveCfg = Release|Any CPU
		{5F301232-4836-4B5B-925E-ED5EB0269145}.Release|Any CPU.Build.0 = Release|Any CPU
		{5F301232-4836-4B5B-925E-ED5EB0269145}.Release|ARM.ActiveCfg = Release|Any CPU
		{5F301232-4836-4B5B-925E-ED5EB0269145}.Release|ARM.Build.0 = Release|Any CPU
		{5F301232-4836-4B5B-925E-ED5EB0269145}.Release|x64.ActiveCfg = Release|Any CPU
		{5F301232-4836-4B5B-925E-ED5EB0269145}.Release|x64.Build.0 = Release|Any CPU
		{5F301232-4836-4B5B-925E-ED5EB0269145}.Release|x86.ActiveCfg = Release|Any CPU
		{5F301232-4836-4B5B-925E-ED5EB0269145}.Release|x86.Build.0 = Release|Any CPU
		{BEF6826E-6FBF-470D-A3DF-D30E0C951460}.Debug|Any CPU.ActiveCfg = Debug|Any CPU
		{BEF6826E-6FBF-470D-A3DF-D30E0C951460}.Debug|Any CPU.Build.0 = Debug|Any CPU
		{BEF6826E-6FBF-470D-A3DF-D30E0C951460}.Debug|ARM.ActiveCfg = Debug|Any CPU
		{BEF6826E-6FBF-470D-A3DF-D30E0C951460}.Debug|ARM.Build.0 = Debug|Any CPU
		{BEF6826E-6FBF-470D-A3DF-D30E0C951460}.Debug|x64.ActiveCfg = Debug|Any CPU
		{BEF6826E-6FBF-470D-A3DF-D30E0C951460}.Debug|x64.Build.0 = Debug|Any CPU
		{BEF6826E-6FBF-470D-A3DF-D30E0C951460}.Debug|x86.ActiveCfg = Debug|Any CPU
		{BEF6826E-6FBF-470D-A3DF-D30E0C951460}.Debug|x86.Build.0 = Debug|Any CPU
		{BEF6826E-6FBF-470D-A3DF-D30E0C951460}.Release|Any CPU.ActiveCfg = Release|Any CPU
		{BEF6826E-6FBF-470D-A3DF-D30E0C951460}.Release|Any CPU.Build.0 = Release|Any CPU
		{BEF6826E-6FBF-470D-A3DF-D30E0C951460}.Release|ARM.ActiveCfg = Release|Any CPU
		{BEF6826E-6FBF-470D-A3DF-D30E0C951460}.Release|ARM.Build.0 = Release|Any CPU
		{BEF6826E-6FBF-470D-A3DF-D30E0C951460}.Release|x64.ActiveCfg = Release|Any CPU
		{BEF6826E-6FBF-470D-A3DF-D30E0C951460}.Release|x64.Build.0 = Release|Any CPU
		{BEF6826E-6FBF-470D-A3DF-D30E0C951460}.Release|x86.ActiveCfg = Release|Any CPU
		{BEF6826E-6FBF-470D-A3DF-D30E0C951460}.Release|x86.Build.0 = Release|Any CPU
		{1A5C9C12-068D-48B5-AD92-D904DFAC5216}.Debug|Any CPU.ActiveCfg = Debug|Any CPU
		{1A5C9C12-068D-48B5-AD92-D904DFAC5216}.Debug|Any CPU.Build.0 = Debug|Any CPU
		{1A5C9C12-068D-48B5-AD92-D904DFAC5216}.Debug|ARM.ActiveCfg = Debug|Any CPU
		{1A5C9C12-068D-48B5-AD92-D904DFAC5216}.Debug|ARM.Build.0 = Debug|Any CPU
		{1A5C9C12-068D-48B5-AD92-D904DFAC5216}.Debug|x64.ActiveCfg = Debug|Any CPU
		{1A5C9C12-068D-48B5-AD92-D904DFAC5216}.Debug|x64.Build.0 = Debug|Any CPU
		{1A5C9C12-068D-48B5-AD92-D904DFAC5216}.Debug|x86.ActiveCfg = Debug|Any CPU
		{1A5C9C12-068D-48B5-AD92-D904DFAC5216}.Debug|x86.Build.0 = Debug|Any CPU
		{1A5C9C12-068D-48B5-AD92-D904DFAC5216}.Release|Any CPU.ActiveCfg = Release|Any CPU
		{1A5C9C12-068D-48B5-AD92-D904DFAC5216}.Release|Any CPU.Build.0 = Release|Any CPU
		{1A5C9C12-068D-48B5-AD92-D904DFAC5216}.Release|ARM.ActiveCfg = Release|Any CPU
		{1A5C9C12-068D-48B5-AD92-D904DFAC5216}.Release|ARM.Build.0 = Release|Any CPU
		{1A5C9C12-068D-48B5-AD92-D904DFAC5216}.Release|x64.ActiveCfg = Release|Any CPU
		{1A5C9C12-068D-48B5-AD92-D904DFAC5216}.Release|x64.Build.0 = Release|Any CPU
		{1A5C9C12-068D-48B5-AD92-D904DFAC5216}.Release|x86.ActiveCfg = Release|Any CPU
		{1A5C9C12-068D-48B5-AD92-D904DFAC5216}.Release|x86.Build.0 = Release|Any CPU
		{AF185403-5C57-4331-85B7-FD40BB7F3C12}.Debug|Any CPU.ActiveCfg = Debug|Any CPU
		{AF185403-5C57-4331-85B7-FD40BB7F3C12}.Debug|Any CPU.Build.0 = Debug|Any CPU
		{AF185403-5C57-4331-85B7-FD40BB7F3C12}.Debug|ARM.ActiveCfg = Debug|Any CPU
		{AF185403-5C57-4331-85B7-FD40BB7F3C12}.Debug|ARM.Build.0 = Debug|Any CPU
		{AF185403-5C57-4331-85B7-FD40BB7F3C12}.Debug|x64.ActiveCfg = Debug|Any CPU
		{AF185403-5C57-4331-85B7-FD40BB7F3C12}.Debug|x64.Build.0 = Debug|Any CPU
		{AF185403-5C57-4331-85B7-FD40BB7F3C12}.Debug|x86.ActiveCfg = Debug|Any CPU
		{AF185403-5C57-4331-85B7-FD40BB7F3C12}.Debug|x86.Build.0 = Debug|Any CPU
		{AF185403-5C57-4331-85B7-FD40BB7F3C12}.Release|Any CPU.ActiveCfg = Release|Any CPU
		{AF185403-5C57-4331-85B7-FD40BB7F3C12}.Release|Any CPU.Build.0 = Release|Any CPU
		{AF185403-5C57-4331-85B7-FD40BB7F3C12}.Release|ARM.ActiveCfg = Release|Any CPU
		{AF185403-5C57-4331-85B7-FD40BB7F3C12}.Release|ARM.Build.0 = Release|Any CPU
		{AF185403-5C57-4331-85B7-FD40BB7F3C12}.Release|x64.ActiveCfg = Release|Any CPU
		{AF185403-5C57-4331-85B7-FD40BB7F3C12}.Release|x64.Build.0 = Release|Any CPU
		{AF185403-5C57-4331-85B7-FD40BB7F3C12}.Release|x86.ActiveCfg = Release|Any CPU
		{AF185403-5C57-4331-85B7-FD40BB7F3C12}.Release|x86.Build.0 = Release|Any CPU
		{ECBD1ECA-B026-41A7-ADF4-68CA735D8570}.Debug|Any CPU.ActiveCfg = Debug|Any CPU
		{ECBD1ECA-B026-41A7-ADF4-68CA735D8570}.Debug|Any CPU.Build.0 = Debug|Any CPU
		{ECBD1ECA-B026-41A7-ADF4-68CA735D8570}.Debug|ARM.ActiveCfg = Debug|Any CPU
		{ECBD1ECA-B026-41A7-ADF4-68CA735D8570}.Debug|ARM.Build.0 = Debug|Any CPU
		{ECBD1ECA-B026-41A7-ADF4-68CA735D8570}.Debug|x64.ActiveCfg = Debug|Any CPU
		{ECBD1ECA-B026-41A7-ADF4-68CA735D8570}.Debug|x64.Build.0 = Debug|Any CPU
		{ECBD1ECA-B026-41A7-ADF4-68CA735D8570}.Debug|x86.ActiveCfg = Debug|Any CPU
		{ECBD1ECA-B026-41A7-ADF4-68CA735D8570}.Debug|x86.Build.0 = Debug|Any CPU
		{ECBD1ECA-B026-41A7-ADF4-68CA735D8570}.Release|Any CPU.ActiveCfg = Release|Any CPU
		{ECBD1ECA-B026-41A7-ADF4-68CA735D8570}.Release|Any CPU.Build.0 = Release|Any CPU
		{ECBD1ECA-B026-41A7-ADF4-68CA735D8570}.Release|ARM.ActiveCfg = Release|Any CPU
		{ECBD1ECA-B026-41A7-ADF4-68CA735D8570}.Release|ARM.Build.0 = Release|Any CPU
		{ECBD1ECA-B026-41A7-ADF4-68CA735D8570}.Release|x64.ActiveCfg = Release|Any CPU
		{ECBD1ECA-B026-41A7-ADF4-68CA735D8570}.Release|x64.Build.0 = Release|Any CPU
		{ECBD1ECA-B026-41A7-ADF4-68CA735D8570}.Release|x86.ActiveCfg = Release|Any CPU
		{ECBD1ECA-B026-41A7-ADF4-68CA735D8570}.Release|x86.Build.0 = Release|Any CPU
		{2701F166-34F4-4A16-858B-4099E473FE77}.Debug|Any CPU.ActiveCfg = Debug|x86
		{2701F166-34F4-4A16-858B-4099E473FE77}.Debug|ARM.ActiveCfg = Debug|ARM
		{2701F166-34F4-4A16-858B-4099E473FE77}.Debug|ARM.Build.0 = Debug|ARM
		{2701F166-34F4-4A16-858B-4099E473FE77}.Debug|ARM.Deploy.0 = Debug|ARM
		{2701F166-34F4-4A16-858B-4099E473FE77}.Debug|x64.ActiveCfg = Debug|x64
		{2701F166-34F4-4A16-858B-4099E473FE77}.Debug|x64.Build.0 = Debug|x64
		{2701F166-34F4-4A16-858B-4099E473FE77}.Debug|x64.Deploy.0 = Debug|x64
		{2701F166-34F4-4A16-858B-4099E473FE77}.Debug|x86.ActiveCfg = Debug|x86
		{2701F166-34F4-4A16-858B-4099E473FE77}.Debug|x86.Build.0 = Debug|x86
		{2701F166-34F4-4A16-858B-4099E473FE77}.Debug|x86.Deploy.0 = Debug|x86
		{2701F166-34F4-4A16-858B-4099E473FE77}.Release|Any CPU.ActiveCfg = Release|x86
		{2701F166-34F4-4A16-858B-4099E473FE77}.Release|ARM.ActiveCfg = Release|ARM
		{2701F166-34F4-4A16-858B-4099E473FE77}.Release|ARM.Build.0 = Release|ARM
		{2701F166-34F4-4A16-858B-4099E473FE77}.Release|ARM.Deploy.0 = Release|ARM
		{2701F166-34F4-4A16-858B-4099E473FE77}.Release|x64.ActiveCfg = Release|x64
		{2701F166-34F4-4A16-858B-4099E473FE77}.Release|x64.Build.0 = Release|x64
		{2701F166-34F4-4A16-858B-4099E473FE77}.Release|x64.Deploy.0 = Release|x64
		{2701F166-34F4-4A16-858B-4099E473FE77}.Release|x86.ActiveCfg = Release|x86
		{2701F166-34F4-4A16-858B-4099E473FE77}.Release|x86.Build.0 = Release|x86
		{2701F166-34F4-4A16-858B-4099E473FE77}.Release|x86.Deploy.0 = Release|x86
		{8376216C-282A-4927-B9EF-C2D545FE0BCA}.Debug|Any CPU.ActiveCfg = Debug|Win32
		{8376216C-282A-4927-B9EF-C2D545FE0BCA}.Debug|ARM.ActiveCfg = Debug|ARM
		{8376216C-282A-4927-B9EF-C2D545FE0BCA}.Debug|ARM.Build.0 = Debug|ARM
		{8376216C-282A-4927-B9EF-C2D545FE0BCA}.Debug|x64.ActiveCfg = Debug|x64
		{8376216C-282A-4927-B9EF-C2D545FE0BCA}.Debug|x64.Build.0 = Debug|x64
		{8376216C-282A-4927-B9EF-C2D545FE0BCA}.Debug|x86.ActiveCfg = Debug|Win32
		{8376216C-282A-4927-B9EF-C2D545FE0BCA}.Debug|x86.Build.0 = Debug|Win32
		{8376216C-282A-4927-B9EF-C2D545FE0BCA}.Release|Any CPU.ActiveCfg = Release|Win32
		{8376216C-282A-4927-B9EF-C2D545FE0BCA}.Release|ARM.ActiveCfg = Release|ARM
		{8376216C-282A-4927-B9EF-C2D545FE0BCA}.Release|ARM.Build.0 = Release|ARM
		{8376216C-282A-4927-B9EF-C2D545FE0BCA}.Release|x64.ActiveCfg = Release|x64
		{8376216C-282A-4927-B9EF-C2D545FE0BCA}.Release|x64.Build.0 = Release|x64
		{8376216C-282A-4927-B9EF-C2D545FE0BCA}.Release|x86.ActiveCfg = Release|Win32
		{8376216C-282A-4927-B9EF-C2D545FE0BCA}.Release|x86.Build.0 = Release|Win32
		{F0A53BC9-C617-47DD-8B68-F91E3502D633}.Debug|Any CPU.ActiveCfg = Debug|Win32
		{F0A53BC9-C617-47DD-8B68-F91E3502D633}.Debug|ARM.ActiveCfg = Debug|ARM
		{F0A53BC9-C617-47DD-8B68-F91E3502D633}.Debug|ARM.Build.0 = Debug|ARM
		{F0A53BC9-C617-47DD-8B68-F91E3502D633}.Debug|x64.ActiveCfg = Debug|x64
		{F0A53BC9-C617-47DD-8B68-F91E3502D633}.Debug|x64.Build.0 = Debug|x64
		{F0A53BC9-C617-47DD-8B68-F91E3502D633}.Debug|x86.ActiveCfg = Debug|Win32
		{F0A53BC9-C617-47DD-8B68-F91E3502D633}.Debug|x86.Build.0 = Debug|Win32
		{F0A53BC9-C617-47DD-8B68-F91E3502D633}.Release|Any CPU.ActiveCfg = Release|Win32
		{F0A53BC9-C617-47DD-8B68-F91E3502D633}.Release|ARM.ActiveCfg = Release|ARM
		{F0A53BC9-C617-47DD-8B68-F91E3502D633}.Release|ARM.Build.0 = Release|ARM
		{F0A53BC9-C617-47DD-8B68-F91E3502D633}.Release|x64.ActiveCfg = Release|x64
		{F0A53BC9-C617-47DD-8B68-F91E3502D633}.Release|x64.Build.0 = Release|x64
		{F0A53BC9-C617-47DD-8B68-F91E3502D633}.Release|x86.ActiveCfg = Release|Win32
		{F0A53BC9-C617-47DD-8B68-F91E3502D633}.Release|x86.Build.0 = Release|Win32
		{5A8B1BB1-7CD5-47C4-A1F7-D7BCF5FACAD1}.Debug|Any CPU.ActiveCfg = Debug|Win32
		{5A8B1BB1-7CD5-47C4-A1F7-D7BCF5FACAD1}.Debug|ARM.ActiveCfg = Debug|ARM
		{5A8B1BB1-7CD5-47C4-A1F7-D7BCF5FACAD1}.Debug|ARM.Build.0 = Debug|ARM
		{5A8B1BB1-7CD5-47C4-A1F7-D7BCF5FACAD1}.Debug|x64.ActiveCfg = Debug|x64
		{5A8B1BB1-7CD5-47C4-A1F7-D7BCF5FACAD1}.Debug|x64.Build.0 = Debug|x64
		{5A8B1BB1-7CD5-47C4-A1F7-D7BCF5FACAD1}.Debug|x86.ActiveCfg = Debug|Win32
		{5A8B1BB1-7CD5-47C4-A1F7-D7BCF5FACAD1}.Debug|x86.Build.0 = Debug|Win32
		{5A8B1BB1-7CD5-47C4-A1F7-D7BCF5FACAD1}.Release|Any CPU.ActiveCfg = Release|Win32
		{5A8B1BB1-7CD5-47C4-A1F7-D7BCF5FACAD1}.Release|ARM.ActiveCfg = Release|ARM
		{5A8B1BB1-7CD5-47C4-A1F7-D7BCF5FACAD1}.Release|ARM.Build.0 = Release|ARM
		{5A8B1BB1-7CD5-47C4-A1F7-D7BCF5FACAD1}.Release|x64.ActiveCfg = Release|x64
		{5A8B1BB1-7CD5-47C4-A1F7-D7BCF5FACAD1}.Release|x64.Build.0 = Release|x64
		{5A8B1BB1-7CD5-47C4-A1F7-D7BCF5FACAD1}.Release|x86.ActiveCfg = Release|Win32
		{5A8B1BB1-7CD5-47C4-A1F7-D7BCF5FACAD1}.Release|x86.Build.0 = Release|Win32
	EndGlobalSection
	GlobalSection(SolutionProperties) = preSolution
		HideSolutionNode = FALSE
	EndGlobalSection
	GlobalSection(NestedProjects) = preSolution
		{BEF6826E-6FBF-470D-A3DF-D30E0C951460} = {E95D7036-EFD0-4AB8-A17F-19E67441250B}
		{1A5C9C12-068D-48B5-AD92-D904DFAC5216} = {1B79EDEE-E8BD-4C15-9B1E-0EB653E2F1B8}
		{AF185403-5C57-4331-85B7-FD40BB7F3C12} = {1B79EDEE-E8BD-4C15-9B1E-0EB653E2F1B8}
		{ECBD1ECA-B026-41A7-ADF4-68CA735D8570} = {1B79EDEE-E8BD-4C15-9B1E-0EB653E2F1B8}
		{2701F166-34F4-4A16-858B-4099E473FE77} = {E95D7036-EFD0-4AB8-A17F-19E67441250B}
		{8376216C-282A-4927-B9EF-C2D545FE0BCA} = {1B79EDEE-E8BD-4C15-9B1E-0EB653E2F1B8}
		{F0A53BC9-C617-47DD-8B68-F91E3502D633} = {1B79EDEE-E8BD-4C15-9B1E-0EB653E2F1B8}
		{5A8B1BB1-7CD5-47C4-A1F7-D7BCF5FACAD1} = {1B79EDEE-E8BD-4C15-9B1E-0EB653E2F1B8}
	EndGlobalSection
	GlobalSection(ExtensibilityGlobals) = postSolution
		SolutionGuid = {33DB06A2-8987-4118-BE20-F5C961A28792}
	EndGlobalSection
EndGlobal
